// !$*UTF8*$!
{
	archiveVersion = 1;
	classes = {
	};
	objectVersion = 50;
	objects = {

/* Begin PBXBuildFile section */
		5705C1C222945E9D00861C9C /* TodayViewController+TableViewDelegate.swift in Sources */ = {isa = PBXBuildFile; fileRef = 5705C1C122945E9D00861C9C /* TodayViewController+TableViewDelegate.swift */; };
		57069F87228B261F00E714FD /* BikeKit.framework in Frameworks */ = {isa = PBXBuildFile; fileRef = 57D67CCE228B085C003166A1 /* BikeKit.framework */; };
		57069F88228B261F00E714FD /* BikeKitUI.framework in Frameworks */ = {isa = PBXBuildFile; fileRef = 57D67CD1228B085C003166A1 /* BikeKitUI.framework */; };
		57069F8A228B26A800E714FD /* BikeKitUI.framework in Embed Frameworks */ = {isa = PBXBuildFile; fileRef = 57D67CD1228B085C003166A1 /* BikeKitUI.framework */; settings = {ATTRIBUTES = (CodeSignOnCopy, RemoveHeadersOnCopy, ); }; };
		5738D372228A1C7200DAA2AE /* MapKit.framework in Frameworks */ = {isa = PBXBuildFile; fileRef = 57FF72D422833CBC006F63E8 /* MapKit.framework */; };
		578676342286F9C600AA0072 /* NotificationCenter.framework in Frameworks */ = {isa = PBXBuildFile; fileRef = 578676332286F9C600AA0072 /* NotificationCenter.framework */; };
		578676372286F9C600AA0072 /* TodayViewController.swift in Sources */ = {isa = PBXBuildFile; fileRef = 578676362286F9C600AA0072 /* TodayViewController.swift */; };
		5786763A2286F9C600AA0072 /* MainInterface.storyboard in Resources */ = {isa = PBXBuildFile; fileRef = 578676382286F9C600AA0072 /* MainInterface.storyboard */; };
		5786763E2286F9C600AA0072 /* BikeKitTodayWidget.appex in Embed App Extensions */ = {isa = PBXBuildFile; fileRef = 578676322286F9C600AA0072 /* BikeKitTodayWidget.appex */; settings = {ATTRIBUTES = (RemoveHeadersOnCopy, ); }; };
		57CF8C002290A20200C9D96F /* Constants.swift in Sources */ = {isa = PBXBuildFile; fileRef = 57CF8BFF2290A20200C9D96F /* Constants.swift */; };
		57CF8C012290A20200C9D96F /* Constants.swift in Sources */ = {isa = PBXBuildFile; fileRef = 57CF8BFF2290A20200C9D96F /* Constants.swift */; };
		57D67CCF228B085C003166A1 /* BikeKit.framework in Frameworks */ = {isa = PBXBuildFile; fileRef = 57D67CCE228B085C003166A1 /* BikeKit.framework */; };
		57D67CD0228B085C003166A1 /* BikeKit.framework in Embed Frameworks */ = {isa = PBXBuildFile; fileRef = 57D67CCE228B085C003166A1 /* BikeKit.framework */; settings = {ATTRIBUTES = (CodeSignOnCopy, RemoveHeadersOnCopy, ); }; };
		57FF728B22821544006F63E8 /* AppDelegate.swift in Sources */ = {isa = PBXBuildFile; fileRef = 57FF728A22821544006F63E8 /* AppDelegate.swift */; };
		57FF728D22821544006F63E8 /* MainTableViewController.swift in Sources */ = {isa = PBXBuildFile; fileRef = 57FF728C22821544006F63E8 /* MainTableViewController.swift */; };
		57FF729222821546006F63E8 /* Assets.xcassets in Resources */ = {isa = PBXBuildFile; fileRef = 57FF729122821546006F63E8 /* Assets.xcassets */; };
		57FF729522821546006F63E8 /* LaunchScreen.storyboard in Resources */ = {isa = PBXBuildFile; fileRef = 57FF729322821546006F63E8 /* LaunchScreen.storyboard */; };
		57FF72D322833BD1006F63E8 /* MapViewController.swift in Sources */ = {isa = PBXBuildFile; fileRef = 57FF72D222833BD1006F63E8 /* MapViewController.swift */; };
		57FF72D522833CBC006F63E8 /* MapKit.framework in Frameworks */ = {isa = PBXBuildFile; fileRef = 57FF72D422833CBC006F63E8 /* MapKit.framework */; };
		57FF72DA22836ADF006F63E8 /* TableCollectionSearch.swift in Sources */ = {isa = PBXBuildFile; fileRef = 57FF72D922836ADF006F63E8 /* TableCollectionSearch.swift */; };
		57FF72DC2283848B006F63E8 /* ToastViewController.swift in Sources */ = {isa = PBXBuildFile; fileRef = 57FF72DB2283848B006F63E8 /* ToastViewController.swift */; };
/* End PBXBuildFile section */

/* Begin PBXContainerItemProxy section */
		5786763C2286F9C600AA0072 /* PBXContainerItemProxy */ = {
			isa = PBXContainerItemProxy;
			containerPortal = 57FF727F22821544006F63E8 /* Project object */;
			proxyType = 1;
			remoteGlobalIDString = 578676312286F9C600AA0072;
			remoteInfo = BikeKitTodayWidget;
		};
/* End PBXContainerItemProxy section */

/* Begin PBXCopyFilesBuildPhase section */
		578676422286F9C600AA0072 /* Embed App Extensions */ = {
			isa = PBXCopyFilesBuildPhase;
			buildActionMask = 2147483647;
			dstPath = "";
			dstSubfolderSpec = 13;
			files = (
				5786763E2286F9C600AA0072 /* BikeKitTodayWidget.appex in Embed App Extensions */,
			);
			name = "Embed App Extensions";
			runOnlyForDeploymentPostprocessing = 0;
		};
		57D67CC3228B067C003166A1 /* Embed Frameworks */ = {
			isa = PBXCopyFilesBuildPhase;
			buildActionMask = 2147483647;
			dstPath = "";
			dstSubfolderSpec = 10;
			files = (
				57069F8A228B26A800E714FD /* BikeKitUI.framework in Embed Frameworks */,
				57D67CD0228B085C003166A1 /* BikeKit.framework in Embed Frameworks */,
			);
			name = "Embed Frameworks";
			runOnlyForDeploymentPostprocessing = 0;
		};
/* End PBXCopyFilesBuildPhase section */

/* Begin PBXFileReference section */
		5705C1C122945E9D00861C9C /* TodayViewController+TableViewDelegate.swift */ = {isa = PBXFileReference; lastKnownFileType = sourcecode.swift; path = "TodayViewController+TableViewDelegate.swift"; sourceTree = "<group>"; };
		578676322286F9C600AA0072 /* BikeKitTodayWidget.appex */ = {isa = PBXFileReference; explicitFileType = "wrapper.app-extension"; includeInIndex = 0; path = BikeKitTodayWidget.appex; sourceTree = BUILT_PRODUCTS_DIR; };
		578676332286F9C600AA0072 /* NotificationCenter.framework */ = {isa = PBXFileReference; lastKnownFileType = wrapper.framework; name = NotificationCenter.framework; path = System/Library/Frameworks/NotificationCenter.framework; sourceTree = SDKROOT; };
		578676362286F9C600AA0072 /* TodayViewController.swift */ = {isa = PBXFileReference; lastKnownFileType = sourcecode.swift; path = TodayViewController.swift; sourceTree = "<group>"; };
		578676392286F9C600AA0072 /* Base */ = {isa = PBXFileReference; lastKnownFileType = file.storyboard; name = Base; path = Base.lproj/MainInterface.storyboard; sourceTree = "<group>"; };
		5786763B2286F9C600AA0072 /* Info.plist */ = {isa = PBXFileReference; lastKnownFileType = text.plist.xml; path = Info.plist; sourceTree = "<group>"; };
		578676442286FEFE00AA0072 /* BikeKitTodayWidget.entitlements */ = {isa = PBXFileReference; lastKnownFileType = text.plist.entitlements; path = BikeKitTodayWidget.entitlements; sourceTree = "<group>"; };
		578676452286FFC600AA0072 /* BikeKitTest.entitlements */ = {isa = PBXFileReference; lastKnownFileType = text.plist.entitlements; name = BikeKitTest.entitlements; path = BikeKitTest/BikeKitTest.entitlements; sourceTree = "<group>"; };
		57CF8BFF2290A20200C9D96F /* Constants.swift */ = {isa = PBXFileReference; lastKnownFileType = sourcecode.swift; path = Constants.swift; sourceTree = "<group>"; };
		57D67CCE228B085C003166A1 /* BikeKit.framework */ = {isa = PBXFileReference; explicitFileType = wrapper.framework; path = BikeKit.framework; sourceTree = BUILT_PRODUCTS_DIR; };
		57D67CD1228B085C003166A1 /* BikeKitUI.framework */ = {isa = PBXFileReference; explicitFileType = wrapper.framework; path = BikeKitUI.framework; sourceTree = BUILT_PRODUCTS_DIR; };
		57D67CD4228B0894003166A1 /* BikeKitUI.framework */ = {isa = PBXFileReference; lastKnownFileType = wrapper.framework; name = BikeKitUI.framework; path = "../../../../Library/Developer/Xcode/DerivedData/BikeKit-cfjhqiewwyizzgajmyzwxxopuvea/Build/Products/Debug-iphoneos/BikeKitUI.framework"; sourceTree = "<group>"; };
		57D67CD5228B0894003166A1 /* BikeKit.framework */ = {isa = PBXFileReference; lastKnownFileType = wrapper.framework; name = BikeKit.framework; path = "../../../../Library/Developer/Xcode/DerivedData/BikeKit-cfjhqiewwyizzgajmyzwxxopuvea/Build/Products/Debug-iphoneos/BikeKit.framework"; sourceTree = "<group>"; };
		57FF728722821544006F63E8 /* BikeKitTest.app */ = {isa = PBXFileReference; explicitFileType = wrapper.application; includeInIndex = 0; path = BikeKitTest.app; sourceTree = BUILT_PRODUCTS_DIR; };
		57FF728A22821544006F63E8 /* AppDelegate.swift */ = {isa = PBXFileReference; lastKnownFileType = sourcecode.swift; path = AppDelegate.swift; sourceTree = "<group>"; };
		57FF728C22821544006F63E8 /* MainTableViewController.swift */ = {isa = PBXFileReference; lastKnownFileType = sourcecode.swift; path = MainTableViewController.swift; sourceTree = "<group>"; };
		57FF729122821546006F63E8 /* Assets.xcassets */ = {isa = PBXFileReference; lastKnownFileType = folder.assetcatalog; path = Assets.xcassets; sourceTree = "<group>"; };
		57FF729422821546006F63E8 /* Base */ = {isa = PBXFileReference; lastKnownFileType = file.storyboard; name = Base; path = Base.lproj/LaunchScreen.storyboard; sourceTree = "<group>"; };
		57FF729622821546006F63E8 /* Info.plist */ = {isa = PBXFileReference; lastKnownFileType = text.plist.xml; path = Info.plist; sourceTree = "<group>"; };
		57FF72D222833BD1006F63E8 /* MapViewController.swift */ = {isa = PBXFileReference; lastKnownFileType = sourcecode.swift; path = MapViewController.swift; sourceTree = "<group>"; };
		57FF72D422833CBC006F63E8 /* MapKit.framework */ = {isa = PBXFileReference; lastKnownFileType = wrapper.framework; name = MapKit.framework; path = System/Library/Frameworks/MapKit.framework; sourceTree = SDKROOT; };
		57FF72D822835C78006F63E8 /* README.md */ = {isa = PBXFileReference; lastKnownFileType = net.daringfireball.markdown; path = README.md; sourceTree = SOURCE_ROOT; };
		57FF72D922836ADF006F63E8 /* TableCollectionSearch.swift */ = {isa = PBXFileReference; fileEncoding = 4; lastKnownFileType = sourcecode.swift; path = TableCollectionSearch.swift; sourceTree = "<group>"; };
		57FF72DB2283848B006F63E8 /* ToastViewController.swift */ = {isa = PBXFileReference; lastKnownFileType = sourcecode.swift; path = ToastViewController.swift; sourceTree = "<group>"; };
/* End PBXFileReference section */

/* Begin PBXFrameworksBuildPhase section */
		5786762F2286F9C600AA0072 /* Frameworks */ = {
			isa = PBXFrameworksBuildPhase;
			buildActionMask = 2147483647;
			files = (
				57069F87228B261F00E714FD /* BikeKit.framework in Frameworks */,
				57069F88228B261F00E714FD /* BikeKitUI.framework in Frameworks */,
				5738D372228A1C7200DAA2AE /* MapKit.framework in Frameworks */,
				578676342286F9C600AA0072 /* NotificationCenter.framework in Frameworks */,
			);
			runOnlyForDeploymentPostprocessing = 0;
		};
		57FF728422821544006F63E8 /* Frameworks */ = {
			isa = PBXFrameworksBuildPhase;
			buildActionMask = 2147483647;
			files = (
				57D67CCF228B085C003166A1 /* BikeKit.framework in Frameworks */,
				57FF72D522833CBC006F63E8 /* MapKit.framework in Frameworks */,
			);
			runOnlyForDeploymentPostprocessing = 0;
		};
/* End PBXFrameworksBuildPhase section */

/* Begin PBXGroup section */
		578676352286F9C600AA0072 /* BikeKitTodayWidget */ = {
			isa = PBXGroup;
			children = (
				578676442286FEFE00AA0072 /* BikeKitTodayWidget.entitlements */,
				578676362286F9C600AA0072 /* TodayViewController.swift */,
				5705C1C122945E9D00861C9C /* TodayViewController+TableViewDelegate.swift */,
				578676382286F9C600AA0072 /* MainInterface.storyboard */,
				5786763B2286F9C600AA0072 /* Info.plist */,
			);
			path = BikeKitTodayWidget;
			sourceTree = "<group>";
		};
		57FF727E22821544006F63E8 = {
			isa = PBXGroup;
			children = (
				57D67CD1228B085C003166A1 /* BikeKitUI.framework */,
				57D67CCE228B085C003166A1 /* BikeKit.framework */,
				578676452286FFC600AA0072 /* BikeKitTest.entitlements */,
				57FF728922821544006F63E8 /* bikeKitTest */,
				578676352286F9C600AA0072 /* BikeKitTodayWidget */,
				57FF728822821544006F63E8 /* Products */,
				57FF72CB2283360F006F63E8 /* Frameworks */,
			);
			sourceTree = "<group>";
		};
		57FF728822821544006F63E8 /* Products */ = {
			isa = PBXGroup;
			children = (
				57FF728722821544006F63E8 /* BikeKitTest.app */,
				578676322286F9C600AA0072 /* BikeKitTodayWidget.appex */,
			);
			name = Products;
			sourceTree = "<group>";
		};
		57FF728922821544006F63E8 /* bikeKitTest */ = {
			isa = PBXGroup;
			children = (
				57FF728A22821544006F63E8 /* AppDelegate.swift */,
				57CF8BFF2290A20200C9D96F /* Constants.swift */,
				57FF72D222833BD1006F63E8 /* MapViewController.swift */,
				57FF72DB2283848B006F63E8 /* ToastViewController.swift */,
				57FF728C22821544006F63E8 /* MainTableViewController.swift */,
				57FF72D922836ADF006F63E8 /* TableCollectionSearch.swift */,
				57FF72D822835C78006F63E8 /* README.md */,
				57FF729122821546006F63E8 /* Assets.xcassets */,
				57FF729322821546006F63E8 /* LaunchScreen.storyboard */,
				57FF729622821546006F63E8 /* Info.plist */,
			);
			path = bikeKitTest;
			sourceTree = "<group>";
		};
		57FF72CB2283360F006F63E8 /* Frameworks */ = {
			isa = PBXGroup;
			children = (
				57D67CD4228B0894003166A1 /* BikeKitUI.framework */,
				57D67CD5228B0894003166A1 /* BikeKit.framework */,
				57FF72D422833CBC006F63E8 /* MapKit.framework */,
				578676332286F9C600AA0072 /* NotificationCenter.framework */,
			);
			name = Frameworks;
			sourceTree = "<group>";
		};
/* End PBXGroup section */

/* Begin PBXNativeTarget section */
		578676312286F9C600AA0072 /* BikeKitTodayWidget */ = {
			isa = PBXNativeTarget;
			buildConfigurationList = 5786763F2286F9C600AA0072 /* Build configuration list for PBXNativeTarget "BikeKitTodayWidget" */;
			buildPhases = (
				5786762E2286F9C600AA0072 /* Sources */,
				5786762F2286F9C600AA0072 /* Frameworks */,
				578676302286F9C600AA0072 /* Resources */,
			);
			buildRules = (
			);
			dependencies = (
			);
			name = BikeKitTodayWidget;
			productName = BikeKitTodayWidget;
			productReference = 578676322286F9C600AA0072 /* BikeKitTodayWidget.appex */;
			productType = "com.apple.product-type.app-extension";
		};
		57FF728622821544006F63E8 /* BikeKitTest */ = {
			isa = PBXNativeTarget;
			buildConfigurationList = 57FF729922821546006F63E8 /* Build configuration list for PBXNativeTarget "BikeKitTest" */;
			buildPhases = (
				57FF728322821544006F63E8 /* Sources */,
				57FF728422821544006F63E8 /* Frameworks */,
				57FF728522821544006F63E8 /* Resources */,
				578676422286F9C600AA0072 /* Embed App Extensions */,
				57D67CC3228B067C003166A1 /* Embed Frameworks */,
			);
			buildRules = (
			);
			dependencies = (
				5786763D2286F9C600AA0072 /* PBXTargetDependency */,
			);
			name = BikeKitTest;
			productName = bikeKitTest;
			productReference = 57FF728722821544006F63E8 /* BikeKitTest.app */;
			productType = "com.apple.product-type.application";
		};
/* End PBXNativeTarget section */

/* Begin PBXProject section */
		57FF727F22821544006F63E8 /* Project object */ = {
			isa = PBXProject;
			attributes = {
				LastSwiftUpdateCheck = 1020;
				LastUpgradeCheck = 1020;
				ORGANIZATIONNAME = "Joss Manger";
				TargetAttributes = {
					578676312286F9C600AA0072 = {
						CreatedOnToolsVersion = 10.2.1;
						SystemCapabilities = {
							com.apple.ApplicationGroups.iOS = {
								enabled = 1;
							};
						};
					};
					57FF728622821544006F63E8 = {
						CreatedOnToolsVersion = 10.2.1;
						SystemCapabilities = {
							com.apple.ApplicationGroups.iOS = {
								enabled = 1;
							};
							com.apple.Maps.iOS = {
								enabled = 1;
							};
						};
					};
				};
			};
			buildConfigurationList = 57FF728222821544006F63E8 /* Build configuration list for PBXProject "bikeKitTest" */;
			compatibilityVersion = "Xcode 9.3";
			developmentRegion = en;
			hasScannedForEncodings = 0;
			knownRegions = (
				en,
				Base,
			);
			mainGroup = 57FF727E22821544006F63E8;
			productRefGroup = 57FF728822821544006F63E8 /* Products */;
			projectDirPath = "";
			projectRoot = "";
			targets = (
				57FF728622821544006F63E8 /* BikeKitTest */,
				578676312286F9C600AA0072 /* BikeKitTodayWidget */,
			);
		};
/* End PBXProject section */

/* Begin PBXResourcesBuildPhase section */
		578676302286F9C600AA0072 /* Resources */ = {
			isa = PBXResourcesBuildPhase;
			buildActionMask = 2147483647;
			files = (
				5786763A2286F9C600AA0072 /* MainInterface.storyboard in Resources */,
			);
			runOnlyForDeploymentPostprocessing = 0;
		};
		57FF728522821544006F63E8 /* Resources */ = {
			isa = PBXResourcesBuildPhase;
			buildActionMask = 2147483647;
			files = (
				57FF729522821546006F63E8 /* LaunchScreen.storyboard in Resources */,
				57FF729222821546006F63E8 /* Assets.xcassets in Resources */,
			);
			runOnlyForDeploymentPostprocessing = 0;
		};
/* End PBXResourcesBuildPhase section */

/* Begin PBXSourcesBuildPhase section */
		5786762E2286F9C600AA0072 /* Sources */ = {
			isa = PBXSourcesBuildPhase;
			buildActionMask = 2147483647;
			files = (
				578676372286F9C600AA0072 /* TodayViewController.swift in Sources */,
				57CF8C012290A20200C9D96F /* Constants.swift in Sources */,
				5705C1C222945E9D00861C9C /* TodayViewController+TableViewDelegate.swift in Sources */,
			);
			runOnlyForDeploymentPostprocessing = 0;
		};
		57FF728322821544006F63E8 /* Sources */ = {
			isa = PBXSourcesBuildPhase;
			buildActionMask = 2147483647;
			files = (
				57FF72DC2283848B006F63E8 /* ToastViewController.swift in Sources */,
				57FF72DA22836ADF006F63E8 /* TableCollectionSearch.swift in Sources */,
				57FF728D22821544006F63E8 /* MainTableViewController.swift in Sources */,
				57FF72D322833BD1006F63E8 /* MapViewController.swift in Sources */,
				57FF728B22821544006F63E8 /* AppDelegate.swift in Sources */,
				57CF8C002290A20200C9D96F /* Constants.swift in Sources */,
			);
			runOnlyForDeploymentPostprocessing = 0;
		};
/* End PBXSourcesBuildPhase section */

/* Begin PBXTargetDependency section */
		5786763D2286F9C600AA0072 /* PBXTargetDependency */ = {
			isa = PBXTargetDependency;
			target = 578676312286F9C600AA0072 /* BikeKitTodayWidget */;
			targetProxy = 5786763C2286F9C600AA0072 /* PBXContainerItemProxy */;
		};
/* End PBXTargetDependency section */

/* Begin PBXVariantGroup section */
		578676382286F9C600AA0072 /* MainInterface.storyboard */ = {
			isa = PBXVariantGroup;
			children = (
				578676392286F9C600AA0072 /* Base */,
			);
			name = MainInterface.storyboard;
			sourceTree = "<group>";
		};
		57FF729322821546006F63E8 /* LaunchScreen.storyboard */ = {
			isa = PBXVariantGroup;
			children = (
				57FF729422821546006F63E8 /* Base */,
			);
			name = LaunchScreen.storyboard;
			sourceTree = "<group>";
		};
/* End PBXVariantGroup section */

/* Begin XCBuildConfiguration section */
		578676402286F9C600AA0072 /* Debug */ = {
			isa = XCBuildConfiguration;
			buildSettings = {
				APPLICATION_EXTENSION_API_ONLY = NO;
				CODE_SIGN_ENTITLEMENTS = BikeKitTodayWidget/BikeKitTodayWidget.entitlements;
				CODE_SIGN_STYLE = Automatic;
				DEVELOPMENT_TEAM = 3C42F7N9CQ;
				FRAMEWORK_SEARCH_PATHS = (
					"$(inherited)",
					"$(PROJECT_DIR)/BikeKitTodayWidget",
					"$(PROJECT_DIR)/**",
				);
				INFOPLIST_FILE = BikeKitTodayWidget/Info.plist;
				LD_RUNPATH_SEARCH_PATHS = (
					"$(inherited)",
					"@executable_path/Frameworks",
					"@executable_path/../../Frameworks",
				);
				PRODUCT_BUNDLE_IDENTIFIER = co.jossy.bikeKitTest.BikeKitTodayWidget;
				PRODUCT_NAME = "$(TARGET_NAME)";
				SKIP_INSTALL = YES;
				SWIFT_VERSION = 5.0;
				TARGETED_DEVICE_FAMILY = "1,2";
			};
			name = Debug;
		};
		578676412286F9C600AA0072 /* Release */ = {
			isa = XCBuildConfiguration;
			buildSettings = {
				APPLICATION_EXTENSION_API_ONLY = NO;
				CODE_SIGN_ENTITLEMENTS = BikeKitTodayWidget/BikeKitTodayWidget.entitlements;
				CODE_SIGN_STYLE = Automatic;
				DEVELOPMENT_TEAM = 3C42F7N9CQ;
				FRAMEWORK_SEARCH_PATHS = (
					"$(inherited)",
					"$(PROJECT_DIR)/BikeKitTodayWidget",
					"$(PROJECT_DIR)/**",
				);
				INFOPLIST_FILE = BikeKitTodayWidget/Info.plist;
				LD_RUNPATH_SEARCH_PATHS = (
					"$(inherited)",
					"@executable_path/Frameworks",
					"@executable_path/../../Frameworks",
				);
				PRODUCT_BUNDLE_IDENTIFIER = co.jossy.bikeKitTest.BikeKitTodayWidget;
				PRODUCT_NAME = "$(TARGET_NAME)";
				SKIP_INSTALL = YES;
				SWIFT_VERSION = 5.0;
				TARGETED_DEVICE_FAMILY = "1,2";
			};
			name = Release;
		};
		57FF729722821546006F63E8 /* Debug */ = {
			isa = XCBuildConfiguration;
			buildSettings = {
				ALWAYS_SEARCH_USER_PATHS = NO;
				CLANG_ANALYZER_NONNULL = YES;
				CLANG_ANALYZER_NUMBER_OBJECT_CONVERSION = YES_AGGRESSIVE;
				CLANG_CXX_LANGUAGE_STANDARD = "gnu++14";
				CLANG_CXX_LIBRARY = "libc++";
				CLANG_ENABLE_MODULES = YES;
				CLANG_ENABLE_OBJC_ARC = YES;
				CLANG_ENABLE_OBJC_WEAK = YES;
				CLANG_WARN_BLOCK_CAPTURE_AUTORELEASING = YES;
				CLANG_WARN_BOOL_CONVERSION = YES;
				CLANG_WARN_COMMA = YES;
				CLANG_WARN_CONSTANT_CONVERSION = YES;
				CLANG_WARN_DEPRECATED_OBJC_IMPLEMENTATIONS = YES;
				CLANG_WARN_DIRECT_OBJC_ISA_USAGE = YES_ERROR;
				CLANG_WARN_DOCUMENTATION_COMMENTS = YES;
				CLANG_WARN_EMPTY_BODY = YES;
				CLANG_WARN_ENUM_CONVERSION = YES;
				CLANG_WARN_INFINITE_RECURSION = YES;
				CLANG_WARN_INT_CONVERSION = YES;
				CLANG_WARN_NON_LITERAL_NULL_CONVERSION = YES;
				CLANG_WARN_OBJC_IMPLICIT_RETAIN_SELF = YES;
				CLANG_WARN_OBJC_LITERAL_CONVERSION = YES;
				CLANG_WARN_OBJC_ROOT_CLASS = YES_ERROR;
				CLANG_WARN_RANGE_LOOP_ANALYSIS = YES;
				CLANG_WARN_STRICT_PROTOTYPES = YES;
				CLANG_WARN_SUSPICIOUS_MOVE = YES;
				CLANG_WARN_UNGUARDED_AVAILABILITY = YES_AGGRESSIVE;
				CLANG_WARN_UNREACHABLE_CODE = YES;
				CLANG_WARN__DUPLICATE_METHOD_MATCH = YES;
				CODE_SIGN_IDENTITY = "iPhone Developer";
				COPY_PHASE_STRIP = NO;
				DEBUG_INFORMATION_FORMAT = dwarf;
				ENABLE_STRICT_OBJC_MSGSEND = YES;
				ENABLE_TESTABILITY = YES;
				GCC_C_LANGUAGE_STANDARD = gnu11;
				GCC_DYNAMIC_NO_PIC = NO;
				GCC_NO_COMMON_BLOCKS = YES;
				GCC_OPTIMIZATION_LEVEL = 0;
				GCC_PREPROCESSOR_DEFINITIONS = (
					"DEBUG=1",
					"$(inherited)",
				);
				GCC_WARN_64_TO_32_BIT_CONVERSION = YES;
				GCC_WARN_ABOUT_RETURN_TYPE = YES_ERROR;
				GCC_WARN_UNDECLARED_SELECTOR = YES;
				GCC_WARN_UNINITIALIZED_AUTOS = YES_AGGRESSIVE;
				GCC_WARN_UNUSED_FUNCTION = YES;
				GCC_WARN_UNUSED_VARIABLE = YES;
				IPHONEOS_DEPLOYMENT_TARGET = 12.2;
				MTL_ENABLE_DEBUG_INFO = INCLUDE_SOURCE;
				MTL_FAST_MATH = YES;
				ONLY_ACTIVE_ARCH = YES;
				SDKROOT = iphoneos;
				SWIFT_ACTIVE_COMPILATION_CONDITIONS = DEBUG;
				SWIFT_OPTIMIZATION_LEVEL = "-Onone";
			};
			name = Debug;
		};
		57FF729822821546006F63E8 /* Release */ = {
			isa = XCBuildConfiguration;
			buildSettings = {
				ALWAYS_SEARCH_USER_PATHS = NO;
				CLANG_ANALYZER_NONNULL = YES;
				CLANG_ANALYZER_NUMBER_OBJECT_CONVERSION = YES_AGGRESSIVE;
				CLANG_CXX_LANGUAGE_STANDARD = "gnu++14";
				CLANG_CXX_LIBRARY = "libc++";
				CLANG_ENABLE_MODULES = YES;
				CLANG_ENABLE_OBJC_ARC = YES;
				CLANG_ENABLE_OBJC_WEAK = YES;
				CLANG_WARN_BLOCK_CAPTURE_AUTORELEASING = YES;
				CLANG_WARN_BOOL_CONVERSION = YES;
				CLANG_WARN_COMMA = YES;
				CLANG_WARN_CONSTANT_CONVERSION = YES;
				CLANG_WARN_DEPRECATED_OBJC_IMPLEMENTATIONS = YES;
				CLANG_WARN_DIRECT_OBJC_ISA_USAGE = YES_ERROR;
				CLANG_WARN_DOCUMENTATION_COMMENTS = YES;
				CLANG_WARN_EMPTY_BODY = YES;
				CLANG_WARN_ENUM_CONVERSION = YES;
				CLANG_WARN_INFINITE_RECURSION = YES;
				CLANG_WARN_INT_CONVERSION = YES;
				CLANG_WARN_NON_LITERAL_NULL_CONVERSION = YES;
				CLANG_WARN_OBJC_IMPLICIT_RETAIN_SELF = YES;
				CLANG_WARN_OBJC_LITERAL_CONVERSION = YES;
				CLANG_WARN_OBJC_ROOT_CLASS = YES_ERROR;
				CLANG_WARN_RANGE_LOOP_ANALYSIS = YES;
				CLANG_WARN_STRICT_PROTOTYPES = YES;
				CLANG_WARN_SUSPICIOUS_MOVE = YES;
				CLANG_WARN_UNGUARDED_AVAILABILITY = YES_AGGRESSIVE;
				CLANG_WARN_UNREACHABLE_CODE = YES;
				CLANG_WARN__DUPLICATE_METHOD_MATCH = YES;
				CODE_SIGN_IDENTITY = "iPhone Developer";
				COPY_PHASE_STRIP = NO;
				DEBUG_INFORMATION_FORMAT = "dwarf-with-dsym";
				ENABLE_NS_ASSERTIONS = NO;
				ENABLE_STRICT_OBJC_MSGSEND = YES;
				GCC_C_LANGUAGE_STANDARD = gnu11;
				GCC_NO_COMMON_BLOCKS = YES;
				GCC_WARN_64_TO_32_BIT_CONVERSION = YES;
				GCC_WARN_ABOUT_RETURN_TYPE = YES_ERROR;
				GCC_WARN_UNDECLARED_SELECTOR = YES;
				GCC_WARN_UNINITIALIZED_AUTOS = YES_AGGRESSIVE;
				GCC_WARN_UNUSED_FUNCTION = YES;
				GCC_WARN_UNUSED_VARIABLE = YES;
				IPHONEOS_DEPLOYMENT_TARGET = 12.2;
				MTL_ENABLE_DEBUG_INFO = NO;
				MTL_FAST_MATH = YES;
				SDKROOT = iphoneos;
				SWIFT_COMPILATION_MODE = wholemodule;
				SWIFT_OPTIMIZATION_LEVEL = "-O";
				VALIDATE_PRODUCT = YES;
			};
			name = Release;
		};
		57FF729A22821546006F63E8 /* Debug */ = {
			isa = XCBuildConfiguration;
			buildSettings = {
				ALWAYS_EMBED_SWIFT_STANDARD_LIBRARIES = YES;
				ASSETCATALOG_COMPILER_APPICON_NAME = AppIcon;
				CODE_SIGN_ENTITLEMENTS = BikeKitTest/BikeKitTest.entitlements;
				CODE_SIGN_STYLE = Automatic;
				DEVELOPMENT_TEAM = 3C42F7N9CQ;
				FRAMEWORK_SEARCH_PATHS = (
					"$(inherited)",
					"$(PROJECT_DIR)/BikeKitTodayWidget",
					"$(PROJECT_DIR)/BikeKit",
				);
				INFOPLIST_FILE = bikeKitTest/Info.plist;
				LD_RUNPATH_SEARCH_PATHS = (
					"$(inherited)",
					"@executable_path/Frameworks",
				);
				PRODUCT_BUNDLE_IDENTIFIER = co.jossy.bikeKitTest;
				PRODUCT_NAME = "$(TARGET_NAME)";
				SWIFT_VERSION = 5.0;
				TARGETED_DEVICE_FAMILY = "1,2";
			};
			name = Debug;
		};
		57FF729B22821546006F63E8 /* Release */ = {
			isa = XCBuildConfiguration;
			buildSettings = {
				ALWAYS_EMBED_SWIFT_STANDARD_LIBRARIES = YES;
				ASSETCATALOG_COMPILER_APPICON_NAME = AppIcon;
				CODE_SIGN_ENTITLEMENTS = BikeKitTest/BikeKitTest.entitlements;
				CODE_SIGN_STYLE = Automatic;
				DEVELOPMENT_TEAM = 3C42F7N9CQ;
				FRAMEWORK_SEARCH_PATHS = (
					"$(inherited)",
					"$(PROJECT_DIR)/BikeKitTodayWidget",
					"$(PROJECT_DIR)/BikeKit",
				);
				INFOPLIST_FILE = bikeKitTest/Info.plist;
				LD_RUNPATH_SEARCH_PATHS = (
					"$(inherited)",
					"@executable_path/Frameworks",
				);
				PRODUCT_BUNDLE_IDENTIFIER = co.jossy.bikeKitTest;
				PRODUCT_NAME = "$(TARGET_NAME)";
				SWIFT_VERSION = 5.0;
				TARGETED_DEVICE_FAMILY = "1,2";
			};
			name = Release;
		};
/* End XCBuildConfiguration section */

/* Begin XCConfigurationList section */
		5786763F2286F9C600AA0072 /* Build configuration list for PBXNativeTarget "BikeKitTodayWidget" */ = {
			isa = XCConfigurationList;
			buildConfigurations = (
				578676402286F9C600AA0072 /* Debug */,
				578676412286F9C600AA0072 /* Release */,
			);
			defaultConfigurationIsVisible = 0;
			defaultConfigurationName = Release;
		};
		57FF728222821544006F63E8 /* Build configuration list for PBXProject "bikeKitTest" */ = {
			isa = XCConfigurationList;
			buildConfigurations = (
				57FF729722821546006F63E8 /* Debug */,
				57FF729822821546006F63E8 /* Release */,
			);
			defaultConfigurationIsVisible = 0;
			defaultConfigurationName = Release;
		};
		57FF729922821546006F63E8 /* Build configuration list for PBXNativeTarget "BikeKitTest" */ = {
			isa = XCConfigurationList;
			buildConfigurations = (
				57FF729A22821546006F63E8 /* Debug */,
				57FF729B22821546006F63E8 /* Release */,
			);
			defaultConfigurationIsVisible = 0;
			defaultConfigurationName = Release;
		};
/* End XCConfigurationList section */
	};
	rootObject = 57FF727F22821544006F63E8 /* Project object */;
}
